
Microsoft Visual Studio Solution File, Format Version 12.00
# Visual Studio Version 17
VisualStudioVersion = 17.7.34003.232
MinimumVisualStudioVersion = 10.0.40219.1
Project("{FAE04EC0-301F-11D3-BF4B-00C04F79EFBC}") = "WPFMusicLibrary", "WPFMusicLibrary.csproj", "{D7189E03-EFA1-4C6A-98D7-D076B4522696}"
EndProject
Global
	GlobalSection(SolutionConfigurationPlatforms) = preSolution
		Debug|Any CPU = Debug|Any CPU
		Release|Any CPU = Release|Any CPU
	EndGlobalSection
	GlobalSection(ProjectConfigurationPlatforms) = postSolution
		{D7189E03-EFA1-4C6A-98D7-D076B4522696}.Debug|Any CPU.ActiveCfg = Debug|Any CPU
		{D7189E03-EFA1-4C6A-98D7-D076B4522696}.Debug|Any CPU.Build.0 = Debug|Any CPU
		{D7189E03-EFA1-4C6A-98D7-D076B4522696}.Release|Any CPU.ActiveCfg = Release|Any CPU
		{D7189E03-EFA1-4C6A-98D7-D076B4522696}.Release|Any CPU.Build.0 = Release|Any CPU
	EndGlobalSection
	GlobalSection(SolutionProperties) = preSolution
		HideSolutionNode = FALSE
	EndGlobalSection
	GlobalSection(ExtensibilityGlobals) = postSolution
		SolutionGuid = {2FE9A2C0-439F-4015-8B89-18D2368785D0}
	EndGlobalSection
EndGlobal
